
Microsoft Visual Studio Solution File, Format Version 12.00
# Visual Studio Version 17
VisualStudioVersion = 17.14.37516.0
MinimumVisualStudioVersion = 10.0.40219.1
Project("{FAE04EC0-301F-11D3-BF4B-00C04F79EFBC}") = "CapaModelo_RRHH", "CapaModelo_RRHH\CapaModelo_RRHH.csproj", "{48D29138-F9D0-4475-BD70-23CFD1F49183}"
EndProject
Project("{FAE04EC0-301F-11D3-BF4B-00C04F79EFBC}") = "CapaControlador_RRHH", "CapaControlador_RRHH\CapaControlador_RRHH.csproj", "{A6B4427F-D1E2-4A69-AD96-A767FCCEB3BB}"
EndProject
Project("{FAE04EC0-301F-11D3-BF4B-00C04F79EFBC}") = "CapaVista_RRHH", "CapaVista_RRHH\CapaVista_RRHH.csproj", "{23F1779E-A56F-4395-9D7B-499A9BC6C481}"
EndProject
Project("{FAE04EC0-301F-11D3-BF4B-00C04F79EFBC}") = "Ejecucion prototipoRRHH", "Ejecucion prototipoRRHH\Ejecucion prototipoRRHH.csproj", "{53CE7CFC-82A9-4954-B836-80D4DE655207}"
EndProject
Global
	GlobalSection(SolutionConfigurationPlatforms) = preSolution
		Debug|Any CPU = Debug|Any CPU
		Debug|ARM64 = Debug|ARM64
		Debug|x64 = Debug|x64
		Release|Any CPU = Release|Any CPU
		Release|ARM64 = Release|ARM64
		Release|x64 = Release|x64
	EndGlobalSection
	GlobalSection(ProjectConfigurationPlatforms) = postSolution
		{48D29138-F9D0-4475-BD70-23CFD1F49183}.Debug|Any CPU.ActiveCfg = Debug|Any CPU
		{48D29138-F9D0-4475-BD70-23CFD1F49183}.Debug|Any CPU.Build.0 = Debug|Any CPU
		{48D29138-F9D0-4475-BD70-23CFD1F49183}.Debug|ARM64.ActiveCfg = Debug|ARM64
		{48D29138-F9D0-4475-BD70-23CFD1F49183}.Debug|ARM64.Build.0 = Debug|ARM64
		{48D29138-F9D0-4475-BD70-23CFD1F49183}.Debug|x64.ActiveCfg = Debug|x64
		{48D29138-F9D0-4475-BD70-23CFD1F49183}.Debug|x64.Build.0 = Debug|x64
		{48D29138-F9D0-4475-BD70-23CFD1F49183}.Release|Any CPU.ActiveCfg = Release|Any CPU
		{48D29138-F9D0-4475-BD70-23CFD1F49183}.Release|Any CPU.Build.0 = Release|Any CPU
		{48D29138-F9D0-4475-BD70-23CFD1F49183}.Release|ARM64.ActiveCfg = Release|ARM64
		{48D29138-F9D0-4475-BD70-23CFD1F49183}.Release|ARM64.Build.0 = Release|ARM64
		{48D29138-F9D0-4475-BD70-23CFD1F49183}.Release|x64.ActiveCfg = Release|x64
		{48D29138-F9D0-4475-BD70-23CFD1F49183}.Release|x64.Build.0 = Release|x64
		{A6B4427F-D1E2-4A69-AD96-A767FCCEB3BB}.Debug|Any CPU.ActiveCfg = Debug|Any CPU
		{A6B4427F-D1E2-4A69-AD96-A767FCCEB3BB}.Debug|Any CPU.Build.0 = Debug|Any CPU
		{A6B4427F-D1E2-4A69-AD96-A767FCCEB3BB}.Debug|ARM64.ActiveCfg = Debug|ARM64
		{A6B4427F-D1E2-4A69-AD96-A767FCCEB3BB}.Debug|ARM64.Build.0 = Debug|ARM64
		{A6B4427F-D1E2-4A69-AD96-A767FCCEB3BB}.Debug|x64.ActiveCfg = Debug|x64
		{A6B4427F-D1E2-4A69-AD96-A767FCCEB3BB}.Debug|x64.Build.0 = Debug|x64
		{A6B4427F-D1E2-4A69-AD96-A767FCCEB3BB}.Release|Any CPU.ActiveCfg = Release|Any CPU
		{A6B4427F-D1E2-4A69-AD96-A767FCCEB3BB}.Release|Any CPU.Build.0 = Release|Any CPU
		{A6B4427F-D1E2-4A69-AD96-A767FCCEB3BB}.Release|ARM64.ActiveCfg = Release|ARM64
		{A6B4427F-D1E2-4A69-AD96-A767FCCEB3BB}.Release|ARM64.Build.0 = Release|ARM64
		{A6B4427F-D1E2-4A69-AD96-A767FCCEB3BB}.Release|x64.ActiveCfg = Release|x64
		{A6B4427F-D1E2-4A69-AD96-A767FCCEB3BB}.Release|x64.Build.0 = Release|x64
		{23F1779E-A56F-4395-9D7B-499A9BC6C481}.Debug|Any CPU.ActiveCfg = Debug|Any CPU
		{23F1779E-A56F-4395-9D7B-499A9BC6C481}.Debug|Any CPU.Build.0 = Debug|Any CPU
		{23F1779E-A56F-4395-9D7B-499A9BC6C481}.Debug|ARM64.ActiveCfg = Debug|ARM64
		{23F1779E-A56F-4395-9D7B-499A9BC6C481}.Debug|ARM64.Build.0 = Debug|ARM64
		{23F1779E-A56F-4395-9D7B-499A9BC6C481}.Debug|x64.ActiveCfg = Debug|x64
		{23F1779E-A56F-4395-9D7B-499A9BC6C481}.Debug|x64.Build.0 = Debug|x64
		{23F1779E-A56F-4395-9D7B-499A9BC6C481}.Release|Any CPU.ActiveCfg = Release|Any CPU
		{23F1779E-A56F-4395-9D7B-499A9BC6C481}.Release|Any CPU.Build.0 = Release|Any CPU
		{23F1779E-A56F-4395-9D7B-499A9BC6C481}.Release|ARM64.ActiveCfg = Release|ARM64
		{23F1779E-A56F-4395-9D7B-499A9BC6C481}.Release|ARM64.Build.0 = Release|ARM64
		{23F1779E-A56F-4395-9D7B-499A9BC6C481}.Release|x64.ActiveCfg = Release|x64
		{23F1779E-A56F-4395-9D7B-499A9BC6C481}.Release|x64.Build.0 = Release|x64
		{53CE7CFC-82A9-4954-B836-80D4DE655207}.Debug|Any CPU.ActiveCfg = Debug|Any CPU
		{53CE7CFC-82A9-4954-B836-80D4DE655207}.Debug|Any CPU.Build.0 = Debug|Any CPU
		{53CE7CFC-82A9-4954-B836-80D4DE655207}.Debug|ARM64.ActiveCfg = Debug|ARM64
		{53CE7CFC-82A9-4954-B836-80D4DE655207}.Debug|ARM64.Build.0 = Debug|ARM64
		{53CE7CFC-82A9-4954-B836-80D4DE655207}.Debug|x64.ActiveCfg = Debug|x64
		{53CE7CFC-82A9-4954-B836-80D4DE655207}.Debug|x64.Build.0 = Debug|x64
		{53CE7CFC-82A9-4954-B836-80D4DE655207}.Release|Any CPU.ActiveCfg = Release|Any CPU
		{53CE7CFC-82A9-4954-B836-80D4DE655207}.Release|Any CPU.Build.0 = Release|Any CPU
		{53CE7CFC-82A9-4954-B836-80D4DE655207}.Release|ARM64.ActiveCfg = Release|ARM64
		{53CE7CFC-82A9-4954-B836-80D4DE655207}.Release|ARM64.Build.0 = Release|ARM64
		{53CE7CFC-82A9-4954-B836-80D4DE655207}.Release|x64.ActiveCfg = Release|x64
		{53CE7CFC-82A9-4954-B836-80D4DE655207}.Release|x64.Build.0 = Release|x64
	EndGlobalSection
	GlobalSection(SolutionProperties) = preSolution
		HideSolutionNode = FALSE
	EndGlobalSection
	GlobalSection(ExtensibilityGlobals) = postSolution
		SolutionGuid = {8340F8D5-1FEE-45ED-A8FA-BAB3DC6F25FF}
	EndGlobalSection
EndGlobal
